
Microsoft Visual Studio Solution File, Format Version 12.00
# Visual Studio Version 17
VisualStudioVersion = 17.7.34031.279
MinimumVisualStudioVersion = 10.0.40219.1
Project("{FAE04EC0-301F-11D3-BF4B-00C04F79EFBC}") = "_01_Kintamieji", "_01_Kintamieji\_01_Kintamieji.csproj", "{87F9DC07-4C0B-4AD0-B346-20ECB0BBA2C3}"
EndProject
Project("{2150E333-8FDC-42A3-9474-1A3956D46DE8}") = "_01_Kintamieji", "_01_Kintamieji", "{559F6899-B285-4B69-B734-B6788F6935D7}"
EndProject
Project("{2150E333-8FDC-42A3-9474-1A3956D46DE8}") = "_02_Isvedimas_1_Uzduotis", "_02_Isvedimas_1_Uzduotis", "{5BC0C55C-DEA7-41FF-809D-23A1848723D1}"
EndProject
Project("{FAE04EC0-301F-11D3-BF4B-00C04F79EFBC}") = "Isvedimas", "Isvedimas\Isvedimas.csproj", "{5A2BC08D-11A8-4FED-9354-C16279106B6D}"
EndProject
Global
	GlobalSection(SolutionConfigurationPlatforms) = preSolution
		Debug|Any CPU = Debug|Any CPU
		Release|Any CPU = Release|Any CPU
	EndGlobalSection
	GlobalSection(ProjectConfigurationPlatforms) = postSolution
		{87F9DC07-4C0B-4AD0-B346-20ECB0BBA2C3}.Debug|Any CPU.ActiveCfg = Debug|Any CPU
		{87F9DC07-4C0B-4AD0-B346-20ECB0BBA2C3}.Debug|Any CPU.Build.0 = Debug|Any CPU
		{87F9DC07-4C0B-4AD0-B346-20ECB0BBA2C3}.Release|Any CPU.ActiveCfg = Release|Any CPU
		{87F9DC07-4C0B-4AD0-B346-20ECB0BBA2C3}.Release|Any CPU.Build.0 = Release|Any CPU
		{5A2BC08D-11A8-4FED-9354-C16279106B6D}.Debug|Any CPU.ActiveCfg = Debug|Any CPU
		{5A2BC08D-11A8-4FED-9354-C16279106B6D}.Debug|Any CPU.Build.0 = Debug|Any CPU
		{5A2BC08D-11A8-4FED-9354-C16279106B6D}.Release|Any CPU.ActiveCfg = Release|Any CPU
		{5A2BC08D-11A8-4FED-9354-C16279106B6D}.Release|Any CPU.Build.0 = Release|Any CPU
	EndGlobalSection
	GlobalSection(SolutionProperties) = preSolution
		HideSolutionNode = FALSE
	EndGlobalSection
	GlobalSection(NestedProjects) = preSolution
		{87F9DC07-4C0B-4AD0-B346-20ECB0BBA2C3} = {559F6899-B285-4B69-B734-B6788F6935D7}
		{5A2BC08D-11A8-4FED-9354-C16279106B6D} = {5BC0C55C-DEA7-41FF-809D-23A1848723D1}
	EndGlobalSection
	GlobalSection(ExtensibilityGlobals) = postSolution
		SolutionGuid = {391A1717-FE62-4C79-BB95-AC150C48E0F4}
	EndGlobalSection
EndGlobal
